
Microsoft Visual Studio Solution File, Format Version 12.00
# Visual Studio Version 16
VisualStudioVersion = 16.0.31729.503
MinimumVisualStudioVersion = 10.0.40219.1
Project("{FAE04EC0-301F-11D3-BF4B-00C04F79EFBC}") = "WpfApp5", "WpfApp5\WpfApp5.csproj", "{A76C5C84-727B-43CE-BE56-D9280F467CA7}"
EndProject
Global
	GlobalSection(SolutionConfigurationPlatforms) = preSolution
		Debug|Any CPU = Debug|Any CPU
		Release|Any CPU = Release|Any CPU
	EndGlobalSection
	GlobalSection(ProjectConfigurationPlatforms) = postSolution
		{A76C5C84-727B-43CE-BE56-D9280F467CA7}.Debug|Any CPU.ActiveCfg = Debug|Any CPU
		{A76C5C84-727B-43CE-BE56-D9280F467CA7}.Debug|Any CPU.Build.0 = Debug|Any CPU
		{A76C5C84-727B-43CE-BE56-D9280F467CA7}.Release|Any CPU.ActiveCfg = Release|Any CPU
		{A76C5C84-727B-43CE-BE56-D9280F467CA7}.Release|Any CPU.Build.0 = Release|Any CPU
	EndGlobalSection
	GlobalSection(SolutionProperties) = preSolution
		HideSolutionNode = FALSE
	EndGlobalSection
	GlobalSection(ExtensibilityGlobals) = postSolution
		SolutionGuid = {97DDB556-B9C7-40F1-9D07-EC74AEC961CB}
	EndGlobalSection
EndGlobal
